
Microsoft Visual Studio Solution File, Format Version 12.00
# Visual Studio 15
VisualStudioVersion = 15.0.27703.2042
MinimumVisualStudioVersion = 10.0.40219.1
Project("{FAE04EC0-301F-11D3-BF4B-00C04F79EFBC}") = "EjercicioClavesABM", "EjercicioClavesABM\EjercicioClavesABM.csproj", "{CC78A5E3-D4A5-401D-9C44-7A67C6968143}"
EndProject
Global
	GlobalSection(SolutionConfigurationPlatforms) = preSolution
		Debug|Any CPU = Debug|Any CPU
		Release|Any CPU = Release|Any CPU
	EndGlobalSection
	GlobalSection(ProjectConfigurationPlatforms) = postSolution
		{CC78A5E3-D4A5-401D-9C44-7A67C6968143}.Debug|Any CPU.ActiveCfg = Debug|Any CPU
		{CC78A5E3-D4A5-401D-9C44-7A67C6968143}.Debug|Any CPU.Build.0 = Debug|Any CPU
		{CC78A5E3-D4A5-401D-9C44-7A67C6968143}.Release|Any CPU.ActiveCfg = Release|Any CPU
		{CC78A5E3-D4A5-401D-9C44-7A67C6968143}.Release|Any CPU.Build.0 = Release|Any CPU
	EndGlobalSection
	GlobalSection(SolutionProperties) = preSolution
		HideSolutionNode = FALSE
	EndGlobalSection
	GlobalSection(ExtensibilityGlobals) = postSolution
		SolutionGuid = {676A052C-8E1A-4907-A895-8927181B3EB4}
	EndGlobalSection
EndGlobal
